
Microsoft Visual Studio Solution File, Format Version 12.00
# Visual Studio Version 17
VisualStudioVersion = 17.3.32825.248
MinimumVisualStudioVersion = 10.0.40219.1
Project("{FAE04EC0-301F-11D3-BF4B-00C04F79EFBC}") = "Lab02_WebApplication1", "Lab02\Lab02_WebApplication1.csproj", "{8FBF2886-B67B-45E6-A9F2-C65C68FC8C86}"
EndProject
Global
	GlobalSection(SolutionConfigurationPlatforms) = preSolution
		Debug|Any CPU = Debug|Any CPU
		Release|Any CPU = Release|Any CPU
	EndGlobalSection
	GlobalSection(ProjectConfigurationPlatforms) = postSolution
		{8FBF2886-B67B-45E6-A9F2-C65C68FC8C86}.Debug|Any CPU.ActiveCfg = Debug|Any CPU
		{8FBF2886-B67B-45E6-A9F2-C65C68FC8C86}.Debug|Any CPU.Build.0 = Debug|Any CPU
		{8FBF2886-B67B-45E6-A9F2-C65C68FC8C86}.Release|Any CPU.ActiveCfg = Release|Any CPU
		{8FBF2886-B67B-45E6-A9F2-C65C68FC8C86}.Release|Any CPU.Build.0 = Release|Any CPU
	EndGlobalSection
	GlobalSection(SolutionProperties) = preSolution
		HideSolutionNode = FALSE
	EndGlobalSection
	GlobalSection(ExtensibilityGlobals) = postSolution
		SolutionGuid = {FBC85BF1-4EF5-4D8D-9325-1A4CA9AF93D6}
	EndGlobalSection
EndGlobal
