
Microsoft Visual Studio Solution File, Format Version 12.00
# Visual Studio Version 17
VisualStudioVersion = 17.3.32825.248
MinimumVisualStudioVersion = 10.0.40219.1
Project("{FAE04EC0-301F-11D3-BF4B-00C04F79EFBC}") = "Lab04_WebApplication1", "Lab04_WebApplication1\Lab04_WebApplication1.csproj", "{38C86816-682D-4580-84F7-F1AB59B3B0D4}"
EndProject
Project("{FAE04EC0-301F-11D3-BF4B-00C04F79EFBC}") = "Lab04_WebApplication2", "Lab04_WebApplication2\Lab04_WebApplication2.csproj", "{F58AF35E-2632-4294-B0CC-8626EEFAE02C}"
EndProject
Global
	GlobalSection(SolutionConfigurationPlatforms) = preSolution
		Debug|Any CPU = Debug|Any CPU
		Release|Any CPU = Release|Any CPU
	EndGlobalSection
	GlobalSection(ProjectConfigurationPlatforms) = postSolution
		{38C86816-682D-4580-84F7-F1AB59B3B0D4}.Debug|Any CPU.ActiveCfg = Debug|Any CPU
		{38C86816-682D-4580-84F7-F1AB59B3B0D4}.Debug|Any CPU.Build.0 = Debug|Any CPU
		{38C86816-682D-4580-84F7-F1AB59B3B0D4}.Release|Any CPU.ActiveCfg = Release|Any CPU
		{38C86816-682D-4580-84F7-F1AB59B3B0D4}.Release|Any CPU.Build.0 = Release|Any CPU
		{F58AF35E-2632-4294-B0CC-8626EEFAE02C}.Debug|Any CPU.ActiveCfg = Debug|Any CPU
		{F58AF35E-2632-4294-B0CC-8626EEFAE02C}.Debug|Any CPU.Build.0 = Debug|Any CPU
		{F58AF35E-2632-4294-B0CC-8626EEFAE02C}.Release|Any CPU.ActiveCfg = Release|Any CPU
		{F58AF35E-2632-4294-B0CC-8626EEFAE02C}.Release|Any CPU.Build.0 = Release|Any CPU
	EndGlobalSection
	GlobalSection(SolutionProperties) = preSolution
		HideSolutionNode = FALSE
	EndGlobalSection
	GlobalSection(ExtensibilityGlobals) = postSolution
		SolutionGuid = {1CCBE1A0-B0AC-4D76-B63F-2B00717EF88F}
	EndGlobalSection
EndGlobal
